
Microsoft Visual Studio Solution File, Format Version 12.00
# Visual Studio Version 17
VisualStudioVersion = 17.0.31903.59
MinimumVisualStudioVersion = 10.0.40219.1
Project("{9A19103F-16F7-4668-BE54-9A1E7A4F7556}") = "Fasciculus.Site", "source\Fasciculus.Site\Fasciculus.Site.csproj", "{A52D30A0-80A7-4508-AF55-400DB6D3593D}"
EndProject
Project("{9A19103F-16F7-4668-BE54-9A1E7A4F7556}") = "Fasciculus.Eve", "source\Fasciculus.Eve\Fasciculus.Eve.csproj", "{D8C4CC49-D88D-4574-AD85-3905479CC249}"
EndProject
Project("{9A19103F-16F7-4668-BE54-9A1E7A4F7556}") = "Fasciculus.Core", "source\Fasciculus.Core\Fasciculus.Core.csproj", "{EF1D8263-BF0A-4BFA-98B4-EF78A826B595}"
EndProject
Project("{2150E333-8FDC-42A3-9474-1A3956D46DE8}") = "Settings", "Settings", "{A537FA0E-9860-4F04-A3A7-7E60F0C22E87}"
	ProjectSection(SolutionItems) = preProject
		Directory.Packages.props = Directory.Packages.props
	EndProjectSection
EndProject
Project("{9A19103F-16F7-4668-BE54-9A1E7A4F7556}") = "Fasciculus.Eve.Models", "source\Fasciculus.Eve.Models\Fasciculus.Eve.Models.csproj", "{5BCCD8D3-3665-48DF-B737-D5E532E26DD1}"
EndProject
Global
	GlobalSection(SolutionConfigurationPlatforms) = preSolution
		Debug|Any CPU = Debug|Any CPU
		Release|Any CPU = Release|Any CPU
	EndGlobalSection
	GlobalSection(ProjectConfigurationPlatforms) = postSolution
		{A52D30A0-80A7-4508-AF55-400DB6D3593D}.Debug|Any CPU.ActiveCfg = Debug|Any CPU
		{A52D30A0-80A7-4508-AF55-400DB6D3593D}.Debug|Any CPU.Build.0 = Debug|Any CPU
		{A52D30A0-80A7-4508-AF55-400DB6D3593D}.Release|Any CPU.ActiveCfg = Release|Any CPU
		{A52D30A0-80A7-4508-AF55-400DB6D3593D}.Release|Any CPU.Build.0 = Release|Any CPU
		{D8C4CC49-D88D-4574-AD85-3905479CC249}.Debug|Any CPU.ActiveCfg = Debug|Any CPU
		{D8C4CC49-D88D-4574-AD85-3905479CC249}.Debug|Any CPU.Build.0 = Debug|Any CPU
		{D8C4CC49-D88D-4574-AD85-3905479CC249}.Release|Any CPU.ActiveCfg = Release|Any CPU
		{D8C4CC49-D88D-4574-AD85-3905479CC249}.Release|Any CPU.Build.0 = Release|Any CPU
		{EF1D8263-BF0A-4BFA-98B4-EF78A826B595}.Debug|Any CPU.ActiveCfg = Debug|Any CPU
		{EF1D8263-BF0A-4BFA-98B4-EF78A826B595}.Debug|Any CPU.Build.0 = Debug|Any CPU
		{EF1D8263-BF0A-4BFA-98B4-EF78A826B595}.Release|Any CPU.ActiveCfg = Release|Any CPU
		{EF1D8263-BF0A-4BFA-98B4-EF78A826B595}.Release|Any CPU.Build.0 = Release|Any CPU
		{5BCCD8D3-3665-48DF-B737-D5E532E26DD1}.Debug|Any CPU.ActiveCfg = Debug|Any CPU
		{5BCCD8D3-3665-48DF-B737-D5E532E26DD1}.Debug|Any CPU.Build.0 = Debug|Any CPU
		{5BCCD8D3-3665-48DF-B737-D5E532E26DD1}.Release|Any CPU.ActiveCfg = Release|Any CPU
		{5BCCD8D3-3665-48DF-B737-D5E532E26DD1}.Release|Any CPU.Build.0 = Release|Any CPU
	EndGlobalSection
	GlobalSection(SolutionProperties) = preSolution
		HideSolutionNode = FALSE
	EndGlobalSection
	GlobalSection(ExtensibilityGlobals) = postSolution
		SolutionGuid = {792A3CA0-656F-4B08-A937-422559A917B1}
	EndGlobalSection
EndGlobal
