
Microsoft Visual Studio Solution File, Format Version 12.00
# Visual Studio Version 17
VisualStudioVersion = 17.0.31903.59
MinimumVisualStudioVersion = 10.0.40219.1
Project("{54A90642-561A-4BB1-A94E-469ADEE60C69}") = "Fasciculus.Screeps.Bot", "source\Fasciculus.Screeps.Bot\Fasciculus.Screeps.Bot.esproj", "{BBBEB42F-C7D8-4DCC-B13F-8FEEEF7C757C}"
EndProject
Project("{9A19103F-16F7-4668-BE54-9A1E7A4F7556}") = "Fasciculus.Experiments.Build", "source\Fasciculus.Experiments.Build\Fasciculus.Experiments.Build.csproj", "{344F65D3-2156-4190-BA18-88E37DC14748}"
EndProject
Project("{54A90642-561A-4BB1-A94E-469ADEE60C69}") = "Fasciculus.TypeScript.ES5", "source\Fasciculus.TypeScript.ES5\Fasciculus.TypeScript.ES5.esproj", "{6FBB303D-E7E4-4DB5-90AC-3C28B31AE052}"
EndProject
Global
	GlobalSection(SolutionConfigurationPlatforms) = preSolution
		Debug|Any CPU = Debug|Any CPU
		Release|Any CPU = Release|Any CPU
	EndGlobalSection
	GlobalSection(ProjectConfigurationPlatforms) = postSolution
		{BBBEB42F-C7D8-4DCC-B13F-8FEEEF7C757C}.Debug|Any CPU.ActiveCfg = Debug|Any CPU
		{BBBEB42F-C7D8-4DCC-B13F-8FEEEF7C757C}.Debug|Any CPU.Build.0 = Debug|Any CPU
		{BBBEB42F-C7D8-4DCC-B13F-8FEEEF7C757C}.Debug|Any CPU.Deploy.0 = Debug|Any CPU
		{BBBEB42F-C7D8-4DCC-B13F-8FEEEF7C757C}.Release|Any CPU.ActiveCfg = Release|Any CPU
		{BBBEB42F-C7D8-4DCC-B13F-8FEEEF7C757C}.Release|Any CPU.Build.0 = Release|Any CPU
		{BBBEB42F-C7D8-4DCC-B13F-8FEEEF7C757C}.Release|Any CPU.Deploy.0 = Release|Any CPU
		{344F65D3-2156-4190-BA18-88E37DC14748}.Debug|Any CPU.ActiveCfg = Debug|Any CPU
		{344F65D3-2156-4190-BA18-88E37DC14748}.Debug|Any CPU.Build.0 = Debug|Any CPU
		{344F65D3-2156-4190-BA18-88E37DC14748}.Release|Any CPU.ActiveCfg = Release|Any CPU
		{344F65D3-2156-4190-BA18-88E37DC14748}.Release|Any CPU.Build.0 = Release|Any CPU
		{6FBB303D-E7E4-4DB5-90AC-3C28B31AE052}.Debug|Any CPU.ActiveCfg = Debug|Any CPU
		{6FBB303D-E7E4-4DB5-90AC-3C28B31AE052}.Debug|Any CPU.Build.0 = Debug|Any CPU
		{6FBB303D-E7E4-4DB5-90AC-3C28B31AE052}.Debug|Any CPU.Deploy.0 = Debug|Any CPU
		{6FBB303D-E7E4-4DB5-90AC-3C28B31AE052}.Release|Any CPU.ActiveCfg = Release|Any CPU
		{6FBB303D-E7E4-4DB5-90AC-3C28B31AE052}.Release|Any CPU.Build.0 = Release|Any CPU
		{6FBB303D-E7E4-4DB5-90AC-3C28B31AE052}.Release|Any CPU.Deploy.0 = Release|Any CPU
	EndGlobalSection
	GlobalSection(SolutionProperties) = preSolution
		HideSolutionNode = FALSE
	EndGlobalSection
	GlobalSection(ExtensibilityGlobals) = postSolution
		SolutionGuid = {338ED7F7-062A-48DA-A39C-F7754553684C}
	EndGlobalSection
EndGlobal
