
Microsoft Visual Studio Solution File, Format Version 12.00
# Visual Studio Version 17
VisualStudioVersion = 17.0.31903.59
MinimumVisualStudioVersion = 10.0.40219.1
Project("{9A19103F-16F7-4668-BE54-9A1E7A4F7556}") = "Fasciculus.Site", "source\Fasciculus.Site\Fasciculus.Site.csproj", "{A52D30A0-80A7-4508-AF55-400DB6D3593D}"
EndProject
Project("{9A19103F-16F7-4668-BE54-9A1E7A4F7556}") = "Fasciculus.Eve", "source\Fasciculus.Eve\Fasciculus.Eve.csproj", "{D8C4CC49-D88D-4574-AD85-3905479CC249}"
EndProject
Project("{9A19103F-16F7-4668-BE54-9A1E7A4F7556}") = "Fasciculus.Core", "source\Fasciculus.Core\Fasciculus.Core.csproj", "{EF1D8263-BF0A-4BFA-98B4-EF78A826B595}"
EndProject
Project("{2150E333-8FDC-42A3-9474-1A3956D46DE8}") = "Settings", "Settings", "{A537FA0E-9860-4F04-A3A7-7E60F0C22E87}"
	ProjectSection(SolutionItems) = preProject
		.gitignore = .gitignore
		Directory.Build.props = Directory.Build.props
		Directory.Build.targets = Directory.Build.targets
		Directory.Packages.props = Directory.Packages.props
		global.json = global.json
		MultiTargeting.props = MultiTargeting.props
		NuGet.config = NuGet.config
	EndProjectSection
EndProject
Project("{9A19103F-16F7-4668-BE54-9A1E7A4F7556}") = "Fasciculus.Testing", "source\Fasciculus.Testing\Fasciculus.Testing.csproj", "{F41F5EE9-B775-4B60-B0D5-E3752B9DF5EC}"
EndProject
Project("{9A19103F-16F7-4668-BE54-9A1E7A4F7556}") = "Fasciculus.Eve.Core", "source\Fasciculus.Eve.Core\Fasciculus.Eve.Core.csproj", "{60FE9444-CF82-4AB3-BD48-A12E01654532}"
EndProject
Project("{9A19103F-16F7-4668-BE54-9A1E7A4F7556}") = "Fasciculus.Steam", "source\Fasciculus.Steam\Fasciculus.Steam.csproj", "{52953A2A-1D01-4D82-9FF8-32C36F78F9EB}"
EndProject
Project("{9A19103F-16F7-4668-BE54-9A1E7A4F7556}") = "Fasciculus.Steam.Tests", "source\Fasciculus.Steam.Tests\Fasciculus.Steam.Tests.csproj", "{D0C8D683-49DE-4593-9FE8-C53191F76FD0}"
EndProject
Project("{9A19103F-16F7-4668-BE54-9A1E7A4F7556}") = "Fasciculus.Core.Tests", "source\Fasciculus.Core.Tests\Fasciculus.Core.Tests.csproj", "{5FDF13DC-8774-4DAB-A388-1269F82293FC}"
EndProject
Project("{FAE04EC0-301F-11D3-BF4B-00C04F79EFBC}") = "Fasciculus.Eve.Assets", "source\Fasciculus.Eve.Assets\Fasciculus.Eve.Assets.csproj", "{1CC8DB81-B691-4BA4-923E-A2BD4D4CF49E}"
EndProject
Project("{FAE04EC0-301F-11D3-BF4B-00C04F79EFBC}") = "Fasciculus.Maui", "source\Fasciculus.Maui\Fasciculus.Maui.csproj", "{1F7B8125-87D7-4DDD-B689-D883E177D8E9}"
EndProject
Project("{FAE04EC0-301F-11D3-BF4B-00C04F79EFBC}") = "Fasciculus.Extensions", "source\Fasciculus.Extensions\Fasciculus.Extensions.csproj", "{A7463D19-E196-4F7C-86A6-70129655EA8C}"
EndProject
Project("{FAE04EC0-301F-11D3-BF4B-00C04F79EFBC}") = "Fasciculus.Windows", "source\Fasciculus.Windows\Fasciculus.Windows.csproj", "{3EF64349-613D-43A5-940E-69E3F3F3FB56}"
EndProject
Project("{FAE04EC0-301F-11D3-BF4B-00C04F79EFBC}") = "Fasciculus.FileServer", "source\Fasciculus.FileServer\Fasciculus.FileServer.csproj", "{D3D0123C-058C-45FF-94CC-B2EA59BB6D4F}"
EndProject
Project("{FAE04EC0-301F-11D3-BF4B-00C04F79EFBC}") = "Fasciculus.Mathematics", "source\Fasciculus.Mathematics\Fasciculus.Mathematics.csproj", "{8F57EE95-6F1F-4035-8428-A3B9D3FE544D}"
EndProject
Project("{FAE04EC0-301F-11D3-BF4B-00C04F79EFBC}") = "Fasciculus.Assets", "source\Fasciculus.Assets\Fasciculus.Assets.csproj", "{61A57DD0-4381-43DC-86F4-700FE0A8D979}"
EndProject
Project("{FAE04EC0-301F-11D3-BF4B-00C04F79EFBC}") = "Fasciculus.CodeAnalysis", "source\Fasciculus.CodeAnalysis\Fasciculus.CodeAnalysis.csproj", "{464E0802-4CF9-44D0-B02E-C8804209651A}"
EndProject
Project("{FAE04EC0-301F-11D3-BF4B-00C04F79EFBC}") = "Fasciculus.CodeAnalysis.Tests", "source\Fasciculus.CodeAnalysis.Tests\Fasciculus.CodeAnalysis.Tests.csproj", "{0126A249-FA3D-44BB-91DA-7578D6D7950F}"
EndProject
Project("{FAE04EC0-301F-11D3-BF4B-00C04F79EFBC}") = "Fasciculus.Site.CheckLinks", "source\Fasciculus.Site.CheckLinks\Fasciculus.Site.CheckLinks.csproj", "{4DD17207-E297-41E9-B99C-0C6F05B224E9}"
EndProject
Project("{FAE04EC0-301F-11D3-BF4B-00C04F79EFBC}") = "Fasciculus.Experiments.Html", "source\Fasciculus.Experiments.Html\Fasciculus.Experiments.Html.csproj", "{4D434129-FC07-4EDE-8D9D-EBD360C968CE}"
EndProject
Project("{FAE04EC0-301F-11D3-BF4B-00C04F79EFBC}") = "Fasciculus.NuGet", "source\Fasciculus.NuGet\Fasciculus.NuGet.csproj", "{11A99BB3-E16F-4273-A05F-EB0834EB6273}"
EndProject
Project("{FAE04EC0-301F-11D3-BF4B-00C04F79EFBC}") = "Fasciculus.NuGet.Tests", "source\Fasciculus.NuGet.Tests\Fasciculus.NuGet.Tests.csproj", "{35A7C196-D962-4819-8961-44C755F6C1C6}"
EndProject
Project("{FAE04EC0-301F-11D3-BF4B-00C04F79EFBC}") = "Fasciculus.DependencyCheck", "source\Fasciculus.DependencyCheck\Fasciculus.DependencyCheck.csproj", "{72E09559-B90B-462D-BCC0-8C6DB6C3BECB}"
EndProject
Project("{FAE04EC0-301F-11D3-BF4B-00C04F79EFBC}") = "Fasciculus.Mathematics.Tests", "source\Fasciculus.Mathematics.Tests\Fasciculus.Mathematics.Tests.csproj", "{DC33AC2A-B711-4BDE-98E2-1D960CEDAD09}"
EndProject
Project("{FAE04EC0-301F-11D3-BF4B-00C04F79EFBC}") = "Fasciculus.Html", "source\Fasciculus.Html\Fasciculus.Html.csproj", "{75BCEBDD-E9AF-40D9-8E5A-E8D0EFD92158}"
EndProject
Project("{FAE04EC0-301F-11D3-BF4B-00C04F79EFBC}") = "Fasciculus.Experiments.Antlr4", "source\Fasciculus.Experiments.Antlr4\Fasciculus.Experiments.Antlr4.csproj", "{E1A6E22F-CBFF-4016-9DB9-CB8CE024F96D}"
EndProject
Project("{FAE04EC0-301F-11D3-BF4B-00C04F79EFBC}") = "Fasciculus.Xml", "source\Fasciculus.Xml\Fasciculus.Xml.csproj", "{B5095A46-0C85-445B-AA72-FB3EEA8454A0}"
EndProject
Project("{FAE04EC0-301F-11D3-BF4B-00C04F79EFBC}") = "Fasciculus.Xml.Tests", "source\Fasciculus.Xml.Tests\Fasciculus.Xml.Tests.csproj", "{D2B4FC6E-69F5-49A7-89EA-4858348AF58E}"
EndProject
Project("{FAE04EC0-301F-11D3-BF4B-00C04F79EFBC}") = "Fasciculus.Svg", "source\Fasciculus.Svg\Fasciculus.Svg.csproj", "{D038C84A-F7E1-4ED2-A3F8-9F7D008F5238}"
EndProject
Project("{FAE04EC0-301F-11D3-BF4B-00C04F79EFBC}") = "Fasciculus.Svg.Tests", "source\Fasciculus.Svg.Tests\Fasciculus.Svg.Tests.csproj", "{DDEE94FC-02DE-44B8-9D55-26AE7A6EE9C1}"
EndProject
Project("{FAE04EC0-301F-11D3-BF4B-00C04F79EFBC}") = "Fasciculus.Css", "source\Fasciculus.Css\Fasciculus.Css.csproj", "{7E9D51E0-7021-4FFE-A924-BCCD3A4D6655}"
EndProject
Project("{FAE04EC0-301F-11D3-BF4B-00C04F79EFBC}") = "Fasciculus.Css.Tests", "source\Fasciculus.Css.Tests\Fasciculus.Css.Tests.csproj", "{CBB9558A-34D2-4816-AA30-CB0EF72A2C7A}"
EndProject
Project("{FAE04EC0-301F-11D3-BF4B-00C04F79EFBC}") = "Fasciculus.Experiments.Antlr4.Gen", "source\Fasciculus.Experiments.Antlr4.Gen\Fasciculus.Experiments.Antlr4.Gen.csproj", "{F05B9269-29E7-4B34-A504-07C60DE39762}"
EndProject
Project("{FAE04EC0-301F-11D3-BF4B-00C04F79EFBC}") = "Fasciculus.Markdown", "source\Fasciculus.Markdown\Fasciculus.Markdown.csproj", "{0994F19A-D91B-4E70-942B-9630975CAF30}"
EndProject
Project("{FAE04EC0-301F-11D3-BF4B-00C04F79EFBC}") = "Fasciculus.Markdown.Tests", "source\Fasciculus.Markdown.Tests\Fasciculus.Markdown.Tests.csproj", "{242C4741-4A12-4AE3-BAB4-768CBDB6A513}"
EndProject
Project("{FAE04EC0-301F-11D3-BF4B-00C04F79EFBC}") = "WebApplication1", "source\WebApplication1\WebApplication1.csproj", "{8DDCF9ED-D3DC-4B56-8DCE-99299F3F9140}"
EndProject
Project("{FAE04EC0-301F-11D3-BF4B-00C04F79EFBC}") = "Fasciculus.Docs.Content", "source\Fasciculus.Docs.Content\Fasciculus.Docs.Content.csproj", "{E14E2C1A-248B-4964-99D7-4A4EF866360C}"
EndProject
Project("{FAE04EC0-301F-11D3-BF4B-00C04F79EFBC}") = "Fasciculus.Docs.Preview", "source\Fasciculus.Docs.Preview\Fasciculus.Docs.Preview.csproj", "{AB3C9875-3AE5-4FB8-9621-CF10A5A07990}"
EndProject
Project("{FAE04EC0-301F-11D3-BF4B-00C04F79EFBC}") = "Fasciculus.Markdown.Svg", "source\Fasciculus.Markdown.Svg\Fasciculus.Markdown.Svg.csproj", "{B818D9BD-7C7E-46D5-81E6-D829EA6155B6}"
EndProject
Project("{FAE04EC0-301F-11D3-BF4B-00C04F79EFBC}") = "Fasciculus.Markdown.Core", "source\Fasciculus.Markdown.Core\Fasciculus.Markdown.Core.csproj", "{034947E3-036C-449C-A508-0D0229452ACD}"
EndProject
Project("{FAE04EC0-301F-11D3-BF4B-00C04F79EFBC}") = "Fasciculus.Markdown.ColorCode", "source\Fasciculus.Markdown.ColorCode\Fasciculus.Markdown.ColorCode.csproj", "{47233534-17E9-4F10-ABEF-3CAA15AC80B5}"
EndProject
Project("{FAE04EC0-301F-11D3-BF4B-00C04F79EFBC}") = "Fasciculus.Markdown.FrontMatter", "source\Fasciculus.Markdown.FrontMatter\Fasciculus.Markdown.FrontMatter.csproj", "{5331856F-5B9E-440A-ACD8-F9259F133DB2}"
EndProject
Project("{FAE04EC0-301F-11D3-BF4B-00C04F79EFBC}") = "Fasciculus.Yaml", "source\Fasciculus.Yaml\Fasciculus.Yaml.csproj", "{88209C7D-C17A-4AD9-8A9A-E46F30DF770A}"
EndProject
Project("{FAE04EC0-301F-11D3-BF4B-00C04F79EFBC}") = "Fasciculus.Markdown.Yaml", "source\Fasciculus.Markdown.Yaml\Fasciculus.Markdown.Yaml.csproj", "{8ABF2687-B6E3-4060-B284-5A0BF17AF86A}"
EndProject
Project("{FAE04EC0-301F-11D3-BF4B-00C04F79EFBC}") = "Fasciculus.Web.Resources", "source\Fasciculus.Web.Resources\Fasciculus.Web.Resources.csproj", "{8DD808AF-5EE6-4F20-9AF5-001D22191065}"
EndProject
Project("{FAE04EC0-301F-11D3-BF4B-00C04F79EFBC}") = "Fasciculus.Web.Extensions", "source\Fasciculus.Web.Extensions\Fasciculus.Web.Extensions.csproj", "{CF10987F-5648-4232-BB06-AF0FC2883977}"
EndProject
Project("{FAE04EC0-301F-11D3-BF4B-00C04F79EFBC}") = "Fasciculus.Testing.Web", "source\Fasciculus.Testing.Web\Fasciculus.Testing.Web.csproj", "{693C20C3-E704-4FB9-8D72-F6EEF8A9F4AC}"
EndProject
Project("{FAE04EC0-301F-11D3-BF4B-00C04F79EFBC}") = "Fasciculus.Web.Resources.Tests", "source\Fasciculus.Web.Resources.Tests\Fasciculus.Web.Resources.Tests.csproj", "{0D47824C-5D4B-4707-BC3F-E86FE7AFBF30}"
EndProject
Project("{FAE04EC0-301F-11D3-BF4B-00C04F79EFBC}") = "Fasciculus.Site.Resources", "source\Fasciculus.Site.Resources\Fasciculus.Site.Resources.csproj", "{7FA85B01-7F5B-45E1-B231-FCBAC8922684}"
EndProject
Project("{FAE04EC0-301F-11D3-BF4B-00C04F79EFBC}") = "Fasciculus.IO", "source\Fasciculus.IO\Fasciculus.IO.csproj", "{1473AFD0-3BCD-44B2-BE24-A68C50316E65}"
EndProject
Project("{FAE04EC0-301F-11D3-BF4B-00C04F79EFBC}") = "Fasciculus.Algorithms", "source\Fasciculus.Algorithms\Fasciculus.Algorithms.csproj", "{CA7D8D2F-44EE-4BB7-8F6D-E1E162C3E49C}"
EndProject
Project("{FAE04EC0-301F-11D3-BF4B-00C04F79EFBC}") = "Fasciculus.Text.Tests", "source\Fasciculus.Text.Tests\Fasciculus.Text.Tests.csproj", "{FE483CD7-90D1-449E-BCD4-A3FC730D4B29}"
EndProject
Project("{FAE04EC0-301F-11D3-BF4B-00C04F79EFBC}") = "Fasciculus.Text", "source\Fasciculus.Text\Fasciculus.Text.csproj", "{D18556A6-FF06-42C6-80AD-DADB71E163C2}"
EndProject
Project("{FAE04EC0-301F-11D3-BF4B-00C04F79EFBC}") = "Fasciculus.Algorithms.Tests", "source\Fasciculus.Algorithms.Tests\Fasciculus.Algorithms.Tests.csproj", "{58F0D1AD-A90C-421D-A39A-4152BD565FF5}"
EndProject
Project("{FAE04EC0-301F-11D3-BF4B-00C04F79EFBC}") = "Fasciculus.NetStandard", "source\Fasciculus.NetStandard\Fasciculus.NetStandard.csproj", "{8A677F77-49B6-4301-A95B-78C611F1A11E}"
EndProject
Project("{FAE04EC0-301F-11D3-BF4B-00C04F79EFBC}") = "NullableTests", "source\NullableTests\NullableTests.csproj", "{7D57A2AF-23C7-4EED-B38C-D9E6A60483A4}"
EndProject
Project("{FAE04EC0-301F-11D3-BF4B-00C04F79EFBC}") = "Fasciculus.NetStandard.Tests", "source\Fasciculus.NetStandard.Tests\Fasciculus.NetStandard.Tests.csproj", "{03E975D2-2EA1-43EC-BC72-FD65B67CDE62}"
EndProject
Project("{FAE04EC0-301F-11D3-BF4B-00C04F79EFBC}") = "Fasciculus.NetStandard.Testee", "source\Fasciculus.NetStandard.Testee\Fasciculus.NetStandard.Testee.csproj", "{F1FD909F-2000-47EB-B3EA-27C7FD4CBE69}"
EndProject
Global
	GlobalSection(SolutionConfigurationPlatforms) = preSolution
		Debug|Any CPU = Debug|Any CPU
		Release|Any CPU = Release|Any CPU
	EndGlobalSection
	GlobalSection(ProjectConfigurationPlatforms) = postSolution
		{A52D30A0-80A7-4508-AF55-400DB6D3593D}.Debug|Any CPU.ActiveCfg = Debug|Any CPU
		{A52D30A0-80A7-4508-AF55-400DB6D3593D}.Debug|Any CPU.Build.0 = Debug|Any CPU
		{A52D30A0-80A7-4508-AF55-400DB6D3593D}.Release|Any CPU.ActiveCfg = Release|Any CPU
		{A52D30A0-80A7-4508-AF55-400DB6D3593D}.Release|Any CPU.Build.0 = Release|Any CPU
		{D8C4CC49-D88D-4574-AD85-3905479CC249}.Debug|Any CPU.ActiveCfg = Debug|Any CPU
		{D8C4CC49-D88D-4574-AD85-3905479CC249}.Debug|Any CPU.Build.0 = Debug|Any CPU
		{D8C4CC49-D88D-4574-AD85-3905479CC249}.Release|Any CPU.ActiveCfg = Release|Any CPU
		{D8C4CC49-D88D-4574-AD85-3905479CC249}.Release|Any CPU.Build.0 = Release|Any CPU
		{EF1D8263-BF0A-4BFA-98B4-EF78A826B595}.Debug|Any CPU.ActiveCfg = Debug|Any CPU
		{EF1D8263-BF0A-4BFA-98B4-EF78A826B595}.Debug|Any CPU.Build.0 = Debug|Any CPU
		{EF1D8263-BF0A-4BFA-98B4-EF78A826B595}.Release|Any CPU.ActiveCfg = Release|Any CPU
		{EF1D8263-BF0A-4BFA-98B4-EF78A826B595}.Release|Any CPU.Build.0 = Release|Any CPU
		{F41F5EE9-B775-4B60-B0D5-E3752B9DF5EC}.Debug|Any CPU.ActiveCfg = Debug|Any CPU
		{F41F5EE9-B775-4B60-B0D5-E3752B9DF5EC}.Debug|Any CPU.Build.0 = Debug|Any CPU
		{F41F5EE9-B775-4B60-B0D5-E3752B9DF5EC}.Release|Any CPU.ActiveCfg = Release|Any CPU
		{F41F5EE9-B775-4B60-B0D5-E3752B9DF5EC}.Release|Any CPU.Build.0 = Release|Any CPU
		{60FE9444-CF82-4AB3-BD48-A12E01654532}.Debug|Any CPU.ActiveCfg = Debug|Any CPU
		{60FE9444-CF82-4AB3-BD48-A12E01654532}.Debug|Any CPU.Build.0 = Debug|Any CPU
		{60FE9444-CF82-4AB3-BD48-A12E01654532}.Release|Any CPU.ActiveCfg = Release|Any CPU
		{60FE9444-CF82-4AB3-BD48-A12E01654532}.Release|Any CPU.Build.0 = Release|Any CPU
		{52953A2A-1D01-4D82-9FF8-32C36F78F9EB}.Debug|Any CPU.ActiveCfg = Debug|Any CPU
		{52953A2A-1D01-4D82-9FF8-32C36F78F9EB}.Debug|Any CPU.Build.0 = Debug|Any CPU
		{52953A2A-1D01-4D82-9FF8-32C36F78F9EB}.Release|Any CPU.ActiveCfg = Release|Any CPU
		{52953A2A-1D01-4D82-9FF8-32C36F78F9EB}.Release|Any CPU.Build.0 = Release|Any CPU
		{D0C8D683-49DE-4593-9FE8-C53191F76FD0}.Debug|Any CPU.ActiveCfg = Debug|Any CPU
		{D0C8D683-49DE-4593-9FE8-C53191F76FD0}.Debug|Any CPU.Build.0 = Debug|Any CPU
		{D0C8D683-49DE-4593-9FE8-C53191F76FD0}.Release|Any CPU.ActiveCfg = Release|Any CPU
		{D0C8D683-49DE-4593-9FE8-C53191F76FD0}.Release|Any CPU.Build.0 = Release|Any CPU
		{5FDF13DC-8774-4DAB-A388-1269F82293FC}.Debug|Any CPU.ActiveCfg = Debug|Any CPU
		{5FDF13DC-8774-4DAB-A388-1269F82293FC}.Debug|Any CPU.Build.0 = Debug|Any CPU
		{5FDF13DC-8774-4DAB-A388-1269F82293FC}.Release|Any CPU.ActiveCfg = Release|Any CPU
		{5FDF13DC-8774-4DAB-A388-1269F82293FC}.Release|Any CPU.Build.0 = Release|Any CPU
		{1CC8DB81-B691-4BA4-923E-A2BD4D4CF49E}.Debug|Any CPU.ActiveCfg = Debug|Any CPU
		{1CC8DB81-B691-4BA4-923E-A2BD4D4CF49E}.Debug|Any CPU.Build.0 = Debug|Any CPU
		{1CC8DB81-B691-4BA4-923E-A2BD4D4CF49E}.Release|Any CPU.ActiveCfg = Release|Any CPU
		{1CC8DB81-B691-4BA4-923E-A2BD4D4CF49E}.Release|Any CPU.Build.0 = Release|Any CPU
		{1F7B8125-87D7-4DDD-B689-D883E177D8E9}.Debug|Any CPU.ActiveCfg = Debug|Any CPU
		{1F7B8125-87D7-4DDD-B689-D883E177D8E9}.Debug|Any CPU.Build.0 = Debug|Any CPU
		{1F7B8125-87D7-4DDD-B689-D883E177D8E9}.Release|Any CPU.ActiveCfg = Release|Any CPU
		{1F7B8125-87D7-4DDD-B689-D883E177D8E9}.Release|Any CPU.Build.0 = Release|Any CPU
		{A7463D19-E196-4F7C-86A6-70129655EA8C}.Debug|Any CPU.ActiveCfg = Debug|Any CPU
		{A7463D19-E196-4F7C-86A6-70129655EA8C}.Debug|Any CPU.Build.0 = Debug|Any CPU
		{A7463D19-E196-4F7C-86A6-70129655EA8C}.Release|Any CPU.ActiveCfg = Release|Any CPU
		{A7463D19-E196-4F7C-86A6-70129655EA8C}.Release|Any CPU.Build.0 = Release|Any CPU
		{3EF64349-613D-43A5-940E-69E3F3F3FB56}.Debug|Any CPU.ActiveCfg = Debug|Any CPU
		{3EF64349-613D-43A5-940E-69E3F3F3FB56}.Debug|Any CPU.Build.0 = Debug|Any CPU
		{3EF64349-613D-43A5-940E-69E3F3F3FB56}.Release|Any CPU.ActiveCfg = Release|Any CPU
		{3EF64349-613D-43A5-940E-69E3F3F3FB56}.Release|Any CPU.Build.0 = Release|Any CPU
		{D3D0123C-058C-45FF-94CC-B2EA59BB6D4F}.Debug|Any CPU.ActiveCfg = Debug|Any CPU
		{D3D0123C-058C-45FF-94CC-B2EA59BB6D4F}.Debug|Any CPU.Build.0 = Debug|Any CPU
		{D3D0123C-058C-45FF-94CC-B2EA59BB6D4F}.Release|Any CPU.ActiveCfg = Release|Any CPU
		{D3D0123C-058C-45FF-94CC-B2EA59BB6D4F}.Release|Any CPU.Build.0 = Release|Any CPU
		{8F57EE95-6F1F-4035-8428-A3B9D3FE544D}.Debug|Any CPU.ActiveCfg = Debug|Any CPU
		{8F57EE95-6F1F-4035-8428-A3B9D3FE544D}.Debug|Any CPU.Build.0 = Debug|Any CPU
		{8F57EE95-6F1F-4035-8428-A3B9D3FE544D}.Release|Any CPU.ActiveCfg = Release|Any CPU
		{8F57EE95-6F1F-4035-8428-A3B9D3FE544D}.Release|Any CPU.Build.0 = Release|Any CPU
		{61A57DD0-4381-43DC-86F4-700FE0A8D979}.Debug|Any CPU.ActiveCfg = Debug|Any CPU
		{61A57DD0-4381-43DC-86F4-700FE0A8D979}.Debug|Any CPU.Build.0 = Debug|Any CPU
		{61A57DD0-4381-43DC-86F4-700FE0A8D979}.Release|Any CPU.ActiveCfg = Release|Any CPU
		{61A57DD0-4381-43DC-86F4-700FE0A8D979}.Release|Any CPU.Build.0 = Release|Any CPU
		{464E0802-4CF9-44D0-B02E-C8804209651A}.Debug|Any CPU.ActiveCfg = Debug|Any CPU
		{464E0802-4CF9-44D0-B02E-C8804209651A}.Debug|Any CPU.Build.0 = Debug|Any CPU
		{464E0802-4CF9-44D0-B02E-C8804209651A}.Release|Any CPU.ActiveCfg = Release|Any CPU
		{464E0802-4CF9-44D0-B02E-C8804209651A}.Release|Any CPU.Build.0 = Release|Any CPU
		{0126A249-FA3D-44BB-91DA-7578D6D7950F}.Debug|Any CPU.ActiveCfg = Debug|Any CPU
		{0126A249-FA3D-44BB-91DA-7578D6D7950F}.Debug|Any CPU.Build.0 = Debug|Any CPU
		{0126A249-FA3D-44BB-91DA-7578D6D7950F}.Release|Any CPU.ActiveCfg = Release|Any CPU
		{0126A249-FA3D-44BB-91DA-7578D6D7950F}.Release|Any CPU.Build.0 = Release|Any CPU
		{4DD17207-E297-41E9-B99C-0C6F05B224E9}.Debug|Any CPU.ActiveCfg = Debug|Any CPU
		{4DD17207-E297-41E9-B99C-0C6F05B224E9}.Debug|Any CPU.Build.0 = Debug|Any CPU
		{4DD17207-E297-41E9-B99C-0C6F05B224E9}.Release|Any CPU.ActiveCfg = Release|Any CPU
		{4DD17207-E297-41E9-B99C-0C6F05B224E9}.Release|Any CPU.Build.0 = Release|Any CPU
		{4D434129-FC07-4EDE-8D9D-EBD360C968CE}.Debug|Any CPU.ActiveCfg = Debug|Any CPU
		{4D434129-FC07-4EDE-8D9D-EBD360C968CE}.Debug|Any CPU.Build.0 = Debug|Any CPU
		{4D434129-FC07-4EDE-8D9D-EBD360C968CE}.Release|Any CPU.ActiveCfg = Release|Any CPU
		{4D434129-FC07-4EDE-8D9D-EBD360C968CE}.Release|Any CPU.Build.0 = Release|Any CPU
		{11A99BB3-E16F-4273-A05F-EB0834EB6273}.Debug|Any CPU.ActiveCfg = Debug|Any CPU
		{11A99BB3-E16F-4273-A05F-EB0834EB6273}.Debug|Any CPU.Build.0 = Debug|Any CPU
		{11A99BB3-E16F-4273-A05F-EB0834EB6273}.Release|Any CPU.ActiveCfg = Release|Any CPU
		{11A99BB3-E16F-4273-A05F-EB0834EB6273}.Release|Any CPU.Build.0 = Release|Any CPU
		{35A7C196-D962-4819-8961-44C755F6C1C6}.Debug|Any CPU.ActiveCfg = Debug|Any CPU
		{35A7C196-D962-4819-8961-44C755F6C1C6}.Debug|Any CPU.Build.0 = Debug|Any CPU
		{35A7C196-D962-4819-8961-44C755F6C1C6}.Release|Any CPU.ActiveCfg = Release|Any CPU
		{35A7C196-D962-4819-8961-44C755F6C1C6}.Release|Any CPU.Build.0 = Release|Any CPU
		{72E09559-B90B-462D-BCC0-8C6DB6C3BECB}.Debug|Any CPU.ActiveCfg = Debug|Any CPU
		{72E09559-B90B-462D-BCC0-8C6DB6C3BECB}.Debug|Any CPU.Build.0 = Debug|Any CPU
		{72E09559-B90B-462D-BCC0-8C6DB6C3BECB}.Release|Any CPU.ActiveCfg = Release|Any CPU
		{72E09559-B90B-462D-BCC0-8C6DB6C3BECB}.Release|Any CPU.Build.0 = Release|Any CPU
		{DC33AC2A-B711-4BDE-98E2-1D960CEDAD09}.Debug|Any CPU.ActiveCfg = Debug|Any CPU
		{DC33AC2A-B711-4BDE-98E2-1D960CEDAD09}.Debug|Any CPU.Build.0 = Debug|Any CPU
		{DC33AC2A-B711-4BDE-98E2-1D960CEDAD09}.Release|Any CPU.ActiveCfg = Release|Any CPU
		{DC33AC2A-B711-4BDE-98E2-1D960CEDAD09}.Release|Any CPU.Build.0 = Release|Any CPU
		{75BCEBDD-E9AF-40D9-8E5A-E8D0EFD92158}.Debug|Any CPU.ActiveCfg = Debug|Any CPU
		{75BCEBDD-E9AF-40D9-8E5A-E8D0EFD92158}.Debug|Any CPU.Build.0 = Debug|Any CPU
		{75BCEBDD-E9AF-40D9-8E5A-E8D0EFD92158}.Release|Any CPU.ActiveCfg = Release|Any CPU
		{75BCEBDD-E9AF-40D9-8E5A-E8D0EFD92158}.Release|Any CPU.Build.0 = Release|Any CPU
		{E1A6E22F-CBFF-4016-9DB9-CB8CE024F96D}.Debug|Any CPU.ActiveCfg = Debug|Any CPU
		{E1A6E22F-CBFF-4016-9DB9-CB8CE024F96D}.Debug|Any CPU.Build.0 = Debug|Any CPU
		{E1A6E22F-CBFF-4016-9DB9-CB8CE024F96D}.Release|Any CPU.ActiveCfg = Release|Any CPU
		{E1A6E22F-CBFF-4016-9DB9-CB8CE024F96D}.Release|Any CPU.Build.0 = Release|Any CPU
		{B5095A46-0C85-445B-AA72-FB3EEA8454A0}.Debug|Any CPU.ActiveCfg = Debug|Any CPU
		{B5095A46-0C85-445B-AA72-FB3EEA8454A0}.Debug|Any CPU.Build.0 = Debug|Any CPU
		{B5095A46-0C85-445B-AA72-FB3EEA8454A0}.Release|Any CPU.ActiveCfg = Release|Any CPU
		{B5095A46-0C85-445B-AA72-FB3EEA8454A0}.Release|Any CPU.Build.0 = Release|Any CPU
		{D2B4FC6E-69F5-49A7-89EA-4858348AF58E}.Debug|Any CPU.ActiveCfg = Debug|Any CPU
		{D2B4FC6E-69F5-49A7-89EA-4858348AF58E}.Debug|Any CPU.Build.0 = Debug|Any CPU
		{D2B4FC6E-69F5-49A7-89EA-4858348AF58E}.Release|Any CPU.ActiveCfg = Release|Any CPU
		{D2B4FC6E-69F5-49A7-89EA-4858348AF58E}.Release|Any CPU.Build.0 = Release|Any CPU
		{D038C84A-F7E1-4ED2-A3F8-9F7D008F5238}.Debug|Any CPU.ActiveCfg = Debug|Any CPU
		{D038C84A-F7E1-4ED2-A3F8-9F7D008F5238}.Debug|Any CPU.Build.0 = Debug|Any CPU
		{D038C84A-F7E1-4ED2-A3F8-9F7D008F5238}.Release|Any CPU.ActiveCfg = Release|Any CPU
		{D038C84A-F7E1-4ED2-A3F8-9F7D008F5238}.Release|Any CPU.Build.0 = Release|Any CPU
		{DDEE94FC-02DE-44B8-9D55-26AE7A6EE9C1}.Debug|Any CPU.ActiveCfg = Debug|Any CPU
		{DDEE94FC-02DE-44B8-9D55-26AE7A6EE9C1}.Debug|Any CPU.Build.0 = Debug|Any CPU
		{DDEE94FC-02DE-44B8-9D55-26AE7A6EE9C1}.Release|Any CPU.ActiveCfg = Release|Any CPU
		{DDEE94FC-02DE-44B8-9D55-26AE7A6EE9C1}.Release|Any CPU.Build.0 = Release|Any CPU
		{7E9D51E0-7021-4FFE-A924-BCCD3A4D6655}.Debug|Any CPU.ActiveCfg = Debug|Any CPU
		{7E9D51E0-7021-4FFE-A924-BCCD3A4D6655}.Debug|Any CPU.Build.0 = Debug|Any CPU
		{7E9D51E0-7021-4FFE-A924-BCCD3A4D6655}.Release|Any CPU.ActiveCfg = Release|Any CPU
		{7E9D51E0-7021-4FFE-A924-BCCD3A4D6655}.Release|Any CPU.Build.0 = Release|Any CPU
		{CBB9558A-34D2-4816-AA30-CB0EF72A2C7A}.Debug|Any CPU.ActiveCfg = Debug|Any CPU
		{CBB9558A-34D2-4816-AA30-CB0EF72A2C7A}.Debug|Any CPU.Build.0 = Debug|Any CPU
		{CBB9558A-34D2-4816-AA30-CB0EF72A2C7A}.Release|Any CPU.ActiveCfg = Release|Any CPU
		{CBB9558A-34D2-4816-AA30-CB0EF72A2C7A}.Release|Any CPU.Build.0 = Release|Any CPU
		{F05B9269-29E7-4B34-A504-07C60DE39762}.Debug|Any CPU.ActiveCfg = Debug|Any CPU
		{F05B9269-29E7-4B34-A504-07C60DE39762}.Debug|Any CPU.Build.0 = Debug|Any CPU
		{F05B9269-29E7-4B34-A504-07C60DE39762}.Release|Any CPU.ActiveCfg = Release|Any CPU
		{F05B9269-29E7-4B34-A504-07C60DE39762}.Release|Any CPU.Build.0 = Release|Any CPU
		{0994F19A-D91B-4E70-942B-9630975CAF30}.Debug|Any CPU.ActiveCfg = Debug|Any CPU
		{0994F19A-D91B-4E70-942B-9630975CAF30}.Debug|Any CPU.Build.0 = Debug|Any CPU
		{0994F19A-D91B-4E70-942B-9630975CAF30}.Release|Any CPU.ActiveCfg = Release|Any CPU
		{0994F19A-D91B-4E70-942B-9630975CAF30}.Release|Any CPU.Build.0 = Release|Any CPU
		{242C4741-4A12-4AE3-BAB4-768CBDB6A513}.Debug|Any CPU.ActiveCfg = Debug|Any CPU
		{242C4741-4A12-4AE3-BAB4-768CBDB6A513}.Debug|Any CPU.Build.0 = Debug|Any CPU
		{242C4741-4A12-4AE3-BAB4-768CBDB6A513}.Release|Any CPU.ActiveCfg = Release|Any CPU
		{242C4741-4A12-4AE3-BAB4-768CBDB6A513}.Release|Any CPU.Build.0 = Release|Any CPU
		{8DDCF9ED-D3DC-4B56-8DCE-99299F3F9140}.Debug|Any CPU.ActiveCfg = Debug|Any CPU
		{8DDCF9ED-D3DC-4B56-8DCE-99299F3F9140}.Debug|Any CPU.Build.0 = Debug|Any CPU
		{8DDCF9ED-D3DC-4B56-8DCE-99299F3F9140}.Release|Any CPU.ActiveCfg = Release|Any CPU
		{8DDCF9ED-D3DC-4B56-8DCE-99299F3F9140}.Release|Any CPU.Build.0 = Release|Any CPU
		{E14E2C1A-248B-4964-99D7-4A4EF866360C}.Debug|Any CPU.ActiveCfg = Debug|Any CPU
		{E14E2C1A-248B-4964-99D7-4A4EF866360C}.Debug|Any CPU.Build.0 = Debug|Any CPU
		{E14E2C1A-248B-4964-99D7-4A4EF866360C}.Release|Any CPU.ActiveCfg = Release|Any CPU
		{E14E2C1A-248B-4964-99D7-4A4EF866360C}.Release|Any CPU.Build.0 = Release|Any CPU
		{AB3C9875-3AE5-4FB8-9621-CF10A5A07990}.Debug|Any CPU.ActiveCfg = Debug|Any CPU
		{AB3C9875-3AE5-4FB8-9621-CF10A5A07990}.Debug|Any CPU.Build.0 = Debug|Any CPU
		{AB3C9875-3AE5-4FB8-9621-CF10A5A07990}.Release|Any CPU.ActiveCfg = Release|Any CPU
		{AB3C9875-3AE5-4FB8-9621-CF10A5A07990}.Release|Any CPU.Build.0 = Release|Any CPU
		{B818D9BD-7C7E-46D5-81E6-D829EA6155B6}.Debug|Any CPU.ActiveCfg = Debug|Any CPU
		{B818D9BD-7C7E-46D5-81E6-D829EA6155B6}.Debug|Any CPU.Build.0 = Debug|Any CPU
		{B818D9BD-7C7E-46D5-81E6-D829EA6155B6}.Release|Any CPU.ActiveCfg = Release|Any CPU
		{B818D9BD-7C7E-46D5-81E6-D829EA6155B6}.Release|Any CPU.Build.0 = Release|Any CPU
		{034947E3-036C-449C-A508-0D0229452ACD}.Debug|Any CPU.ActiveCfg = Debug|Any CPU
		{034947E3-036C-449C-A508-0D0229452ACD}.Debug|Any CPU.Build.0 = Debug|Any CPU
		{034947E3-036C-449C-A508-0D0229452ACD}.Release|Any CPU.ActiveCfg = Release|Any CPU
		{034947E3-036C-449C-A508-0D0229452ACD}.Release|Any CPU.Build.0 = Release|Any CPU
		{47233534-17E9-4F10-ABEF-3CAA15AC80B5}.Debug|Any CPU.ActiveCfg = Debug|Any CPU
		{47233534-17E9-4F10-ABEF-3CAA15AC80B5}.Debug|Any CPU.Build.0 = Debug|Any CPU
		{47233534-17E9-4F10-ABEF-3CAA15AC80B5}.Release|Any CPU.ActiveCfg = Release|Any CPU
		{47233534-17E9-4F10-ABEF-3CAA15AC80B5}.Release|Any CPU.Build.0 = Release|Any CPU
		{5331856F-5B9E-440A-ACD8-F9259F133DB2}.Debug|Any CPU.ActiveCfg = Debug|Any CPU
		{5331856F-5B9E-440A-ACD8-F9259F133DB2}.Debug|Any CPU.Build.0 = Debug|Any CPU
		{5331856F-5B9E-440A-ACD8-F9259F133DB2}.Release|Any CPU.ActiveCfg = Release|Any CPU
		{5331856F-5B9E-440A-ACD8-F9259F133DB2}.Release|Any CPU.Build.0 = Release|Any CPU
		{88209C7D-C17A-4AD9-8A9A-E46F30DF770A}.Debug|Any CPU.ActiveCfg = Debug|Any CPU
		{88209C7D-C17A-4AD9-8A9A-E46F30DF770A}.Debug|Any CPU.Build.0 = Debug|Any CPU
		{88209C7D-C17A-4AD9-8A9A-E46F30DF770A}.Release|Any CPU.ActiveCfg = Release|Any CPU
		{88209C7D-C17A-4AD9-8A9A-E46F30DF770A}.Release|Any CPU.Build.0 = Release|Any CPU
		{8ABF2687-B6E3-4060-B284-5A0BF17AF86A}.Debug|Any CPU.ActiveCfg = Debug|Any CPU
		{8ABF2687-B6E3-4060-B284-5A0BF17AF86A}.Debug|Any CPU.Build.0 = Debug|Any CPU
		{8ABF2687-B6E3-4060-B284-5A0BF17AF86A}.Release|Any CPU.ActiveCfg = Release|Any CPU
		{8ABF2687-B6E3-4060-B284-5A0BF17AF86A}.Release|Any CPU.Build.0 = Release|Any CPU
		{8DD808AF-5EE6-4F20-9AF5-001D22191065}.Debug|Any CPU.ActiveCfg = Debug|Any CPU
		{8DD808AF-5EE6-4F20-9AF5-001D22191065}.Debug|Any CPU.Build.0 = Debug|Any CPU
		{8DD808AF-5EE6-4F20-9AF5-001D22191065}.Release|Any CPU.ActiveCfg = Release|Any CPU
		{8DD808AF-5EE6-4F20-9AF5-001D22191065}.Release|Any CPU.Build.0 = Release|Any CPU
		{CF10987F-5648-4232-BB06-AF0FC2883977}.Debug|Any CPU.ActiveCfg = Debug|Any CPU
		{CF10987F-5648-4232-BB06-AF0FC2883977}.Debug|Any CPU.Build.0 = Debug|Any CPU
		{CF10987F-5648-4232-BB06-AF0FC2883977}.Release|Any CPU.ActiveCfg = Release|Any CPU
		{CF10987F-5648-4232-BB06-AF0FC2883977}.Release|Any CPU.Build.0 = Release|Any CPU
		{693C20C3-E704-4FB9-8D72-F6EEF8A9F4AC}.Debug|Any CPU.ActiveCfg = Debug|Any CPU
		{693C20C3-E704-4FB9-8D72-F6EEF8A9F4AC}.Debug|Any CPU.Build.0 = Debug|Any CPU
		{693C20C3-E704-4FB9-8D72-F6EEF8A9F4AC}.Release|Any CPU.ActiveCfg = Release|Any CPU
		{693C20C3-E704-4FB9-8D72-F6EEF8A9F4AC}.Release|Any CPU.Build.0 = Release|Any CPU
		{0D47824C-5D4B-4707-BC3F-E86FE7AFBF30}.Debug|Any CPU.ActiveCfg = Debug|Any CPU
		{0D47824C-5D4B-4707-BC3F-E86FE7AFBF30}.Debug|Any CPU.Build.0 = Debug|Any CPU
		{0D47824C-5D4B-4707-BC3F-E86FE7AFBF30}.Release|Any CPU.ActiveCfg = Release|Any CPU
		{0D47824C-5D4B-4707-BC3F-E86FE7AFBF30}.Release|Any CPU.Build.0 = Release|Any CPU
		{7FA85B01-7F5B-45E1-B231-FCBAC8922684}.Debug|Any CPU.ActiveCfg = Debug|Any CPU
		{7FA85B01-7F5B-45E1-B231-FCBAC8922684}.Debug|Any CPU.Build.0 = Debug|Any CPU
		{7FA85B01-7F5B-45E1-B231-FCBAC8922684}.Release|Any CPU.ActiveCfg = Release|Any CPU
		{7FA85B01-7F5B-45E1-B231-FCBAC8922684}.Release|Any CPU.Build.0 = Release|Any CPU
		{1473AFD0-3BCD-44B2-BE24-A68C50316E65}.Debug|Any CPU.ActiveCfg = Debug|Any CPU
		{1473AFD0-3BCD-44B2-BE24-A68C50316E65}.Debug|Any CPU.Build.0 = Debug|Any CPU
		{1473AFD0-3BCD-44B2-BE24-A68C50316E65}.Release|Any CPU.ActiveCfg = Release|Any CPU
		{1473AFD0-3BCD-44B2-BE24-A68C50316E65}.Release|Any CPU.Build.0 = Release|Any CPU
		{CA7D8D2F-44EE-4BB7-8F6D-E1E162C3E49C}.Debug|Any CPU.ActiveCfg = Debug|Any CPU
		{CA7D8D2F-44EE-4BB7-8F6D-E1E162C3E49C}.Debug|Any CPU.Build.0 = Debug|Any CPU
		{CA7D8D2F-44EE-4BB7-8F6D-E1E162C3E49C}.Release|Any CPU.ActiveCfg = Release|Any CPU
		{CA7D8D2F-44EE-4BB7-8F6D-E1E162C3E49C}.Release|Any CPU.Build.0 = Release|Any CPU
		{FE483CD7-90D1-449E-BCD4-A3FC730D4B29}.Debug|Any CPU.ActiveCfg = Debug|Any CPU
		{FE483CD7-90D1-449E-BCD4-A3FC730D4B29}.Debug|Any CPU.Build.0 = Debug|Any CPU
		{FE483CD7-90D1-449E-BCD4-A3FC730D4B29}.Release|Any CPU.ActiveCfg = Release|Any CPU
		{FE483CD7-90D1-449E-BCD4-A3FC730D4B29}.Release|Any CPU.Build.0 = Release|Any CPU
		{D18556A6-FF06-42C6-80AD-DADB71E163C2}.Debug|Any CPU.ActiveCfg = Debug|Any CPU
		{D18556A6-FF06-42C6-80AD-DADB71E163C2}.Debug|Any CPU.Build.0 = Debug|Any CPU
		{D18556A6-FF06-42C6-80AD-DADB71E163C2}.Release|Any CPU.ActiveCfg = Release|Any CPU
		{D18556A6-FF06-42C6-80AD-DADB71E163C2}.Release|Any CPU.Build.0 = Release|Any CPU
		{58F0D1AD-A90C-421D-A39A-4152BD565FF5}.Debug|Any CPU.ActiveCfg = Debug|Any CPU
		{58F0D1AD-A90C-421D-A39A-4152BD565FF5}.Debug|Any CPU.Build.0 = Debug|Any CPU
		{58F0D1AD-A90C-421D-A39A-4152BD565FF5}.Release|Any CPU.ActiveCfg = Release|Any CPU
		{58F0D1AD-A90C-421D-A39A-4152BD565FF5}.Release|Any CPU.Build.0 = Release|Any CPU
		{8A677F77-49B6-4301-A95B-78C611F1A11E}.Debug|Any CPU.ActiveCfg = Debug|Any CPU
		{8A677F77-49B6-4301-A95B-78C611F1A11E}.Debug|Any CPU.Build.0 = Debug|Any CPU
		{8A677F77-49B6-4301-A95B-78C611F1A11E}.Release|Any CPU.ActiveCfg = Release|Any CPU
		{8A677F77-49B6-4301-A95B-78C611F1A11E}.Release|Any CPU.Build.0 = Release|Any CPU
		{7D57A2AF-23C7-4EED-B38C-D9E6A60483A4}.Debug|Any CPU.ActiveCfg = Debug|Any CPU
		{7D57A2AF-23C7-4EED-B38C-D9E6A60483A4}.Debug|Any CPU.Build.0 = Debug|Any CPU
		{7D57A2AF-23C7-4EED-B38C-D9E6A60483A4}.Release|Any CPU.ActiveCfg = Release|Any CPU
		{7D57A2AF-23C7-4EED-B38C-D9E6A60483A4}.Release|Any CPU.Build.0 = Release|Any CPU
		{03E975D2-2EA1-43EC-BC72-FD65B67CDE62}.Debug|Any CPU.ActiveCfg = Debug|Any CPU
		{03E975D2-2EA1-43EC-BC72-FD65B67CDE62}.Debug|Any CPU.Build.0 = Debug|Any CPU
		{03E975D2-2EA1-43EC-BC72-FD65B67CDE62}.Release|Any CPU.ActiveCfg = Release|Any CPU
		{03E975D2-2EA1-43EC-BC72-FD65B67CDE62}.Release|Any CPU.Build.0 = Release|Any CPU
		{F1FD909F-2000-47EB-B3EA-27C7FD4CBE69}.Debug|Any CPU.ActiveCfg = Debug|Any CPU
		{F1FD909F-2000-47EB-B3EA-27C7FD4CBE69}.Debug|Any CPU.Build.0 = Debug|Any CPU
		{F1FD909F-2000-47EB-B3EA-27C7FD4CBE69}.Release|Any CPU.ActiveCfg = Release|Any CPU
		{F1FD909F-2000-47EB-B3EA-27C7FD4CBE69}.Release|Any CPU.Build.0 = Release|Any CPU
	EndGlobalSection
	GlobalSection(SolutionProperties) = preSolution
		HideSolutionNode = FALSE
	EndGlobalSection
	GlobalSection(ExtensibilityGlobals) = postSolution
		SolutionGuid = {792A3CA0-656F-4B08-A937-422559A917B1}
	EndGlobalSection
EndGlobal
