
Microsoft Visual Studio Solution File, Format Version 12.00
# Visual Studio Version 17
VisualStudioVersion = 17.0.31903.59
MinimumVisualStudioVersion = 10.0.40219.1
Project("{54A90642-561A-4BB1-A94E-469ADEE60C69}") = "fasciculus-package", "source\fasciculus-package\fasciculus-package.esproj", "{8FCC6078-E4DE-403B-8603-8DE5F39C42EE}"
EndProject
Project("{54A90642-561A-4BB1-A94E-469ADEE60C69}") = "fasciculus-utils-types", "source\fasciculus-utils-types\fasciculus-utils-types.esproj", "{61EC8B2B-4CC4-4B42-A39E-1EDAFD5B77D2}"
EndProject
Project("{54A90642-561A-4BB1-A94E-469ADEE60C69}") = "fasciculus-es-types", "source\fasciculus-es-types\fasciculus-es-types.esproj", "{418284D4-EC4C-453C-AF33-F96C99B6D5D7}"
EndProject
Project("{54A90642-561A-4BB1-A94E-469ADEE60C69}") = "fasciculus-es", "source\fasciculus-es\fasciculus-es.esproj", "{98B78786-9236-46BE-8FA5-5095E7F3284A}"
EndProject
Project("{54A90642-561A-4BB1-A94E-469ADEE60C69}") = "fasciculus-es-test", "source\fasciculus-es-test\fasciculus-es-test.esproj", "{06F06D18-E5F1-4756-A448-3E5DF5A85E16}"
EndProject
Project("{54A90642-561A-4BB1-A94E-469ADEE60C69}") = "fasciculus-bot", "source\fasciculus-bot\fasciculus-bot.esproj", "{CCD17039-1F5C-451C-9182-E131CCFEC9A2}"
EndProject
Project("{54A90642-561A-4BB1-A94E-469ADEE60C69}") = "fasciculus-concat", "source\fasciculus-concat\fasciculus-concat.esproj", "{B9F0FA2B-42D4-47FA-9636-953432D3E893}"
EndProject
Global
	GlobalSection(SolutionConfigurationPlatforms) = preSolution
		Debug|Any CPU = Debug|Any CPU
		Release|Any CPU = Release|Any CPU
	EndGlobalSection
	GlobalSection(ProjectConfigurationPlatforms) = postSolution
		{8FCC6078-E4DE-403B-8603-8DE5F39C42EE}.Debug|Any CPU.ActiveCfg = Debug|Any CPU
		{8FCC6078-E4DE-403B-8603-8DE5F39C42EE}.Debug|Any CPU.Build.0 = Debug|Any CPU
		{8FCC6078-E4DE-403B-8603-8DE5F39C42EE}.Debug|Any CPU.Deploy.0 = Debug|Any CPU
		{8FCC6078-E4DE-403B-8603-8DE5F39C42EE}.Release|Any CPU.ActiveCfg = Release|Any CPU
		{8FCC6078-E4DE-403B-8603-8DE5F39C42EE}.Release|Any CPU.Build.0 = Release|Any CPU
		{8FCC6078-E4DE-403B-8603-8DE5F39C42EE}.Release|Any CPU.Deploy.0 = Release|Any CPU
		{61EC8B2B-4CC4-4B42-A39E-1EDAFD5B77D2}.Debug|Any CPU.ActiveCfg = Debug|Any CPU
		{61EC8B2B-4CC4-4B42-A39E-1EDAFD5B77D2}.Debug|Any CPU.Build.0 = Debug|Any CPU
		{61EC8B2B-4CC4-4B42-A39E-1EDAFD5B77D2}.Debug|Any CPU.Deploy.0 = Debug|Any CPU
		{61EC8B2B-4CC4-4B42-A39E-1EDAFD5B77D2}.Release|Any CPU.ActiveCfg = Release|Any CPU
		{61EC8B2B-4CC4-4B42-A39E-1EDAFD5B77D2}.Release|Any CPU.Build.0 = Release|Any CPU
		{61EC8B2B-4CC4-4B42-A39E-1EDAFD5B77D2}.Release|Any CPU.Deploy.0 = Release|Any CPU
		{418284D4-EC4C-453C-AF33-F96C99B6D5D7}.Debug|Any CPU.ActiveCfg = Debug|Any CPU
		{418284D4-EC4C-453C-AF33-F96C99B6D5D7}.Debug|Any CPU.Build.0 = Debug|Any CPU
		{418284D4-EC4C-453C-AF33-F96C99B6D5D7}.Debug|Any CPU.Deploy.0 = Debug|Any CPU
		{418284D4-EC4C-453C-AF33-F96C99B6D5D7}.Release|Any CPU.ActiveCfg = Release|Any CPU
		{418284D4-EC4C-453C-AF33-F96C99B6D5D7}.Release|Any CPU.Build.0 = Release|Any CPU
		{418284D4-EC4C-453C-AF33-F96C99B6D5D7}.Release|Any CPU.Deploy.0 = Release|Any CPU
		{98B78786-9236-46BE-8FA5-5095E7F3284A}.Debug|Any CPU.ActiveCfg = Debug|Any CPU
		{98B78786-9236-46BE-8FA5-5095E7F3284A}.Debug|Any CPU.Build.0 = Debug|Any CPU
		{98B78786-9236-46BE-8FA5-5095E7F3284A}.Debug|Any CPU.Deploy.0 = Debug|Any CPU
		{98B78786-9236-46BE-8FA5-5095E7F3284A}.Release|Any CPU.ActiveCfg = Release|Any CPU
		{98B78786-9236-46BE-8FA5-5095E7F3284A}.Release|Any CPU.Build.0 = Release|Any CPU
		{98B78786-9236-46BE-8FA5-5095E7F3284A}.Release|Any CPU.Deploy.0 = Release|Any CPU
		{06F06D18-E5F1-4756-A448-3E5DF5A85E16}.Debug|Any CPU.ActiveCfg = Debug|Any CPU
		{06F06D18-E5F1-4756-A448-3E5DF5A85E16}.Debug|Any CPU.Build.0 = Debug|Any CPU
		{06F06D18-E5F1-4756-A448-3E5DF5A85E16}.Debug|Any CPU.Deploy.0 = Debug|Any CPU
		{06F06D18-E5F1-4756-A448-3E5DF5A85E16}.Release|Any CPU.ActiveCfg = Release|Any CPU
		{06F06D18-E5F1-4756-A448-3E5DF5A85E16}.Release|Any CPU.Build.0 = Release|Any CPU
		{06F06D18-E5F1-4756-A448-3E5DF5A85E16}.Release|Any CPU.Deploy.0 = Release|Any CPU
		{CCD17039-1F5C-451C-9182-E131CCFEC9A2}.Debug|Any CPU.ActiveCfg = Debug|Any CPU
		{CCD17039-1F5C-451C-9182-E131CCFEC9A2}.Debug|Any CPU.Build.0 = Debug|Any CPU
		{CCD17039-1F5C-451C-9182-E131CCFEC9A2}.Debug|Any CPU.Deploy.0 = Debug|Any CPU
		{CCD17039-1F5C-451C-9182-E131CCFEC9A2}.Release|Any CPU.ActiveCfg = Release|Any CPU
		{CCD17039-1F5C-451C-9182-E131CCFEC9A2}.Release|Any CPU.Build.0 = Release|Any CPU
		{CCD17039-1F5C-451C-9182-E131CCFEC9A2}.Release|Any CPU.Deploy.0 = Release|Any CPU
		{B9F0FA2B-42D4-47FA-9636-953432D3E893}.Debug|Any CPU.ActiveCfg = Debug|Any CPU
		{B9F0FA2B-42D4-47FA-9636-953432D3E893}.Debug|Any CPU.Build.0 = Debug|Any CPU
		{B9F0FA2B-42D4-47FA-9636-953432D3E893}.Debug|Any CPU.Deploy.0 = Debug|Any CPU
		{B9F0FA2B-42D4-47FA-9636-953432D3E893}.Release|Any CPU.ActiveCfg = Release|Any CPU
		{B9F0FA2B-42D4-47FA-9636-953432D3E893}.Release|Any CPU.Build.0 = Release|Any CPU
		{B9F0FA2B-42D4-47FA-9636-953432D3E893}.Release|Any CPU.Deploy.0 = Release|Any CPU
	EndGlobalSection
	GlobalSection(SolutionProperties) = preSolution
		HideSolutionNode = FALSE
	EndGlobalSection
	GlobalSection(ExtensibilityGlobals) = postSolution
		SolutionGuid = {1EFED6E5-6C55-401A-BB40-8DC7F09023E2}
	EndGlobalSection
EndGlobal
