
Microsoft Visual Studio Solution File, Format Version 12.00
# Visual Studio Version 17
VisualStudioVersion = 17.0.31903.59
MinimumVisualStudioVersion = 10.0.40219.1
Project("{54A90642-561A-4BB1-A94E-469ADEE60C69}") = "fasciculus-package", "source\fasciculus-package\fasciculus-package.esproj", "{8FCC6078-E4DE-403B-8603-8DE5F39C42EE}"
EndProject
Project("{54A90642-561A-4BB1-A94E-469ADEE60C69}") = "fasciculus-es5-types", "source\fasciculus-es5-types\fasciculus-es5-types.esproj", "{DD5DBD0A-6C72-45C7-B89F-513531D2A613}"
	ProjectSection(ProjectDependencies) = postProject
		{8FCC6078-E4DE-403B-8603-8DE5F39C42EE} = {8FCC6078-E4DE-403B-8603-8DE5F39C42EE}
	EndProjectSection
EndProject
Project("{54A90642-561A-4BB1-A94E-469ADEE60C69}") = "fasciculus-es5", "source\fasciculus-es5\fasciculus-es5.esproj", "{5E67052D-F8C9-48BD-AADC-0CEB3A9FEFAF}"
	ProjectSection(ProjectDependencies) = postProject
		{8FCC6078-E4DE-403B-8603-8DE5F39C42EE} = {8FCC6078-E4DE-403B-8603-8DE5F39C42EE}
		{DD5DBD0A-6C72-45C7-B89F-513531D2A613} = {DD5DBD0A-6C72-45C7-B89F-513531D2A613}
	EndProjectSection
EndProject
Global
	GlobalSection(SolutionConfigurationPlatforms) = preSolution
		Debug|Any CPU = Debug|Any CPU
		Release|Any CPU = Release|Any CPU
	EndGlobalSection
	GlobalSection(ProjectConfigurationPlatforms) = postSolution
		{8FCC6078-E4DE-403B-8603-8DE5F39C42EE}.Debug|Any CPU.ActiveCfg = Debug|Any CPU
		{8FCC6078-E4DE-403B-8603-8DE5F39C42EE}.Debug|Any CPU.Build.0 = Debug|Any CPU
		{8FCC6078-E4DE-403B-8603-8DE5F39C42EE}.Debug|Any CPU.Deploy.0 = Debug|Any CPU
		{8FCC6078-E4DE-403B-8603-8DE5F39C42EE}.Release|Any CPU.ActiveCfg = Release|Any CPU
		{8FCC6078-E4DE-403B-8603-8DE5F39C42EE}.Release|Any CPU.Build.0 = Release|Any CPU
		{8FCC6078-E4DE-403B-8603-8DE5F39C42EE}.Release|Any CPU.Deploy.0 = Release|Any CPU
		{DD5DBD0A-6C72-45C7-B89F-513531D2A613}.Debug|Any CPU.ActiveCfg = Debug|Any CPU
		{DD5DBD0A-6C72-45C7-B89F-513531D2A613}.Debug|Any CPU.Build.0 = Debug|Any CPU
		{DD5DBD0A-6C72-45C7-B89F-513531D2A613}.Debug|Any CPU.Deploy.0 = Debug|Any CPU
		{DD5DBD0A-6C72-45C7-B89F-513531D2A613}.Release|Any CPU.ActiveCfg = Release|Any CPU
		{DD5DBD0A-6C72-45C7-B89F-513531D2A613}.Release|Any CPU.Build.0 = Release|Any CPU
		{DD5DBD0A-6C72-45C7-B89F-513531D2A613}.Release|Any CPU.Deploy.0 = Release|Any CPU
		{5E67052D-F8C9-48BD-AADC-0CEB3A9FEFAF}.Debug|Any CPU.ActiveCfg = Debug|Any CPU
		{5E67052D-F8C9-48BD-AADC-0CEB3A9FEFAF}.Debug|Any CPU.Build.0 = Debug|Any CPU
		{5E67052D-F8C9-48BD-AADC-0CEB3A9FEFAF}.Debug|Any CPU.Deploy.0 = Debug|Any CPU
		{5E67052D-F8C9-48BD-AADC-0CEB3A9FEFAF}.Release|Any CPU.ActiveCfg = Release|Any CPU
		{5E67052D-F8C9-48BD-AADC-0CEB3A9FEFAF}.Release|Any CPU.Build.0 = Release|Any CPU
		{5E67052D-F8C9-48BD-AADC-0CEB3A9FEFAF}.Release|Any CPU.Deploy.0 = Release|Any CPU
	EndGlobalSection
	GlobalSection(SolutionProperties) = preSolution
		HideSolutionNode = FALSE
	EndGlobalSection
	GlobalSection(ExtensibilityGlobals) = postSolution
		SolutionGuid = {1EFED6E5-6C55-401A-BB40-8DC7F09023E2}
	EndGlobalSection
EndGlobal
