
Microsoft Visual Studio Solution File, Format Version 12.00
# Visual Studio Version 17
VisualStudioVersion = 17.0.31903.59
MinimumVisualStudioVersion = 10.0.40219.1
Project("{9A19103F-16F7-4668-BE54-9A1E7A4F7556}") = "Fasciculus.Site", "source\Fasciculus.Site\Fasciculus.Site.csproj", "{A52D30A0-80A7-4508-AF55-400DB6D3593D}"
EndProject
Project("{9A19103F-16F7-4668-BE54-9A1E7A4F7556}") = "Fasciculus.Eve", "source\Fasciculus.Eve\Fasciculus.Eve.csproj", "{D8C4CC49-D88D-4574-AD85-3905479CC249}"
EndProject
Project("{9A19103F-16F7-4668-BE54-9A1E7A4F7556}") = "Fasciculus.Core", "source\Fasciculus.Core\Fasciculus.Core.csproj", "{EF1D8263-BF0A-4BFA-98B4-EF78A826B595}"
EndProject
Project("{2150E333-8FDC-42A3-9474-1A3956D46DE8}") = "Settings", "Settings", "{A537FA0E-9860-4F04-A3A7-7E60F0C22E87}"
	ProjectSection(SolutionItems) = preProject
		.editorconfig = .editorconfig
		.gitignore = .gitignore
		Directory.Build.props = Directory.Build.props
		Directory.Build.targets = Directory.Build.targets
		Directory.Packages.props = Directory.Packages.props
		global.json = global.json
		MultiTargeting.props = MultiTargeting.props
	EndProjectSection
EndProject
Project("{9A19103F-16F7-4668-BE54-9A1E7A4F7556}") = "Fasciculus.Testing", "source\Fasciculus.Testing\Fasciculus.Testing.csproj", "{F41F5EE9-B775-4B60-B0D5-E3752B9DF5EC}"
EndProject
Project("{9A19103F-16F7-4668-BE54-9A1E7A4F7556}") = "Fasciculus.Eve.Core", "source\Fasciculus.Eve.Core\Fasciculus.Eve.Core.csproj", "{60FE9444-CF82-4AB3-BD48-A12E01654532}"
EndProject
Project("{9A19103F-16F7-4668-BE54-9A1E7A4F7556}") = "Fasciculus.Steam", "source\Fasciculus.Steam\Fasciculus.Steam.csproj", "{52953A2A-1D01-4D82-9FF8-32C36F78F9EB}"
EndProject
Project("{9A19103F-16F7-4668-BE54-9A1E7A4F7556}") = "Fasciculus.Steam.Tests", "source\Fasciculus.Steam.Tests\Fasciculus.Steam.Tests.csproj", "{D0C8D683-49DE-4593-9FE8-C53191F76FD0}"
EndProject
Project("{9A19103F-16F7-4668-BE54-9A1E7A4F7556}") = "Fasciculus.Core.Tests", "source\Fasciculus.Core.Tests\Fasciculus.Core.Tests.csproj", "{5FDF13DC-8774-4DAB-A388-1269F82293FC}"
EndProject
Project("{FAE04EC0-301F-11D3-BF4B-00C04F79EFBC}") = "Fasciculus.Eve.Assets", "source\Fasciculus.Eve.Assets\Fasciculus.Eve.Assets.csproj", "{1CC8DB81-B691-4BA4-923E-A2BD4D4CF49E}"
EndProject
Project("{FAE04EC0-301F-11D3-BF4B-00C04F79EFBC}") = "Fasciculus.Maui", "source\Fasciculus.Maui\Fasciculus.Maui.csproj", "{1F7B8125-87D7-4DDD-B689-D883E177D8E9}"
EndProject
Project("{FAE04EC0-301F-11D3-BF4B-00C04F79EFBC}") = "Fasciculus.Extensions", "source\Fasciculus.Extensions\Fasciculus.Extensions.csproj", "{A7463D19-E196-4F7C-86A6-70129655EA8C}"
EndProject
Project("{FAE04EC0-301F-11D3-BF4B-00C04F79EFBC}") = "Fasciculus.Windows", "source\Fasciculus.Windows\Fasciculus.Windows.csproj", "{3EF64349-613D-43A5-940E-69E3F3F3FB56}"
EndProject
Project("{FAE04EC0-301F-11D3-BF4B-00C04F79EFBC}") = "Fasciculus.FileServer", "source\Fasciculus.FileServer\Fasciculus.FileServer.csproj", "{D3D0123C-058C-45FF-94CC-B2EA59BB6D4F}"
EndProject
Project("{FAE04EC0-301F-11D3-BF4B-00C04F79EFBC}") = "Fasciculus.Mathematics", "source\Fasciculus.Mathematics\Fasciculus.Mathematics.csproj", "{8F57EE95-6F1F-4035-8428-A3B9D3FE544D}"
EndProject
Project("{FAE04EC0-301F-11D3-BF4B-00C04F79EFBC}") = "Fasciculus.Assets", "source\Fasciculus.Assets\Fasciculus.Assets.csproj", "{61A57DD0-4381-43DC-86F4-700FE0A8D979}"
EndProject
Project("{FAE04EC0-301F-11D3-BF4B-00C04F79EFBC}") = "WebApplication1", "source\WebApplication1\WebApplication1.csproj", "{B4EA4C12-2CA5-4BA2-B2DF-18C8C1E35C07}"
EndProject
Project("{FAE04EC0-301F-11D3-BF4B-00C04F79EFBC}") = "Fasciculus.CodeAnalysis", "source\Fasciculus.CodeAnalysis\Fasciculus.CodeAnalysis.csproj", "{464E0802-4CF9-44D0-B02E-C8804209651A}"
EndProject
Project("{FAE04EC0-301F-11D3-BF4B-00C04F79EFBC}") = "Fasciculus.CodeAnalysis.Tests", "source\Fasciculus.CodeAnalysis.Tests\Fasciculus.CodeAnalysis.Tests.csproj", "{0126A249-FA3D-44BB-91DA-7578D6D7950F}"
EndProject
Project("{FAE04EC0-301F-11D3-BF4B-00C04F79EFBC}") = "Fasciculus.Site.CheckLinks", "source\Fasciculus.Site.CheckLinks\Fasciculus.Site.CheckLinks.csproj", "{4DD17207-E297-41E9-B99C-0C6F05B224E9}"
EndProject
Project("{FAE04EC0-301F-11D3-BF4B-00C04F79EFBC}") = "Fasciculus.Markup", "source\Fasciculus.Markup\Fasciculus.Markup.csproj", "{867F2362-4125-4AE6-A278-946CBADA58DD}"
EndProject
Project("{FAE04EC0-301F-11D3-BF4B-00C04F79EFBC}") = "Fasciculus.Experiments.Html", "source\Fasciculus.Experiments.Html\Fasciculus.Experiments.Html.csproj", "{4D434129-FC07-4EDE-8D9D-EBD360C968CE}"
EndProject
Project("{FAE04EC0-301F-11D3-BF4B-00C04F79EFBC}") = "Fasciculus.NuGet", "source\Fasciculus.NuGet\Fasciculus.NuGet.csproj", "{11A99BB3-E16F-4273-A05F-EB0834EB6273}"
EndProject
Project("{FAE04EC0-301F-11D3-BF4B-00C04F79EFBC}") = "Fasciculus.NuGet.Tests", "source\Fasciculus.NuGet.Tests\Fasciculus.NuGet.Tests.csproj", "{35A7C196-D962-4819-8961-44C755F6C1C6}"
EndProject
Project("{FAE04EC0-301F-11D3-BF4B-00C04F79EFBC}") = "Fasciculus.Dependencies", "source\Fasciculus.Dependencies\Fasciculus.Dependencies.csproj", "{578AAC20-9191-4173-B664-B4BD636AA23A}"
EndProject
Global
	GlobalSection(SolutionConfigurationPlatforms) = preSolution
		Debug|Any CPU = Debug|Any CPU
		Release|Any CPU = Release|Any CPU
	EndGlobalSection
	GlobalSection(ProjectConfigurationPlatforms) = postSolution
		{A52D30A0-80A7-4508-AF55-400DB6D3593D}.Debug|Any CPU.ActiveCfg = Debug|Any CPU
		{A52D30A0-80A7-4508-AF55-400DB6D3593D}.Debug|Any CPU.Build.0 = Debug|Any CPU
		{A52D30A0-80A7-4508-AF55-400DB6D3593D}.Release|Any CPU.ActiveCfg = Release|Any CPU
		{A52D30A0-80A7-4508-AF55-400DB6D3593D}.Release|Any CPU.Build.0 = Release|Any CPU
		{D8C4CC49-D88D-4574-AD85-3905479CC249}.Debug|Any CPU.ActiveCfg = Debug|Any CPU
		{D8C4CC49-D88D-4574-AD85-3905479CC249}.Debug|Any CPU.Build.0 = Debug|Any CPU
		{D8C4CC49-D88D-4574-AD85-3905479CC249}.Release|Any CPU.ActiveCfg = Release|Any CPU
		{D8C4CC49-D88D-4574-AD85-3905479CC249}.Release|Any CPU.Build.0 = Release|Any CPU
		{EF1D8263-BF0A-4BFA-98B4-EF78A826B595}.Debug|Any CPU.ActiveCfg = Debug|Any CPU
		{EF1D8263-BF0A-4BFA-98B4-EF78A826B595}.Debug|Any CPU.Build.0 = Debug|Any CPU
		{EF1D8263-BF0A-4BFA-98B4-EF78A826B595}.Release|Any CPU.ActiveCfg = Release|Any CPU
		{EF1D8263-BF0A-4BFA-98B4-EF78A826B595}.Release|Any CPU.Build.0 = Release|Any CPU
		{F41F5EE9-B775-4B60-B0D5-E3752B9DF5EC}.Debug|Any CPU.ActiveCfg = Debug|Any CPU
		{F41F5EE9-B775-4B60-B0D5-E3752B9DF5EC}.Debug|Any CPU.Build.0 = Debug|Any CPU
		{F41F5EE9-B775-4B60-B0D5-E3752B9DF5EC}.Release|Any CPU.ActiveCfg = Release|Any CPU
		{F41F5EE9-B775-4B60-B0D5-E3752B9DF5EC}.Release|Any CPU.Build.0 = Release|Any CPU
		{60FE9444-CF82-4AB3-BD48-A12E01654532}.Debug|Any CPU.ActiveCfg = Debug|Any CPU
		{60FE9444-CF82-4AB3-BD48-A12E01654532}.Debug|Any CPU.Build.0 = Debug|Any CPU
		{60FE9444-CF82-4AB3-BD48-A12E01654532}.Release|Any CPU.ActiveCfg = Release|Any CPU
		{60FE9444-CF82-4AB3-BD48-A12E01654532}.Release|Any CPU.Build.0 = Release|Any CPU
		{52953A2A-1D01-4D82-9FF8-32C36F78F9EB}.Debug|Any CPU.ActiveCfg = Debug|Any CPU
		{52953A2A-1D01-4D82-9FF8-32C36F78F9EB}.Debug|Any CPU.Build.0 = Debug|Any CPU
		{52953A2A-1D01-4D82-9FF8-32C36F78F9EB}.Release|Any CPU.ActiveCfg = Release|Any CPU
		{52953A2A-1D01-4D82-9FF8-32C36F78F9EB}.Release|Any CPU.Build.0 = Release|Any CPU
		{D0C8D683-49DE-4593-9FE8-C53191F76FD0}.Debug|Any CPU.ActiveCfg = Debug|Any CPU
		{D0C8D683-49DE-4593-9FE8-C53191F76FD0}.Debug|Any CPU.Build.0 = Debug|Any CPU
		{D0C8D683-49DE-4593-9FE8-C53191F76FD0}.Release|Any CPU.ActiveCfg = Release|Any CPU
		{D0C8D683-49DE-4593-9FE8-C53191F76FD0}.Release|Any CPU.Build.0 = Release|Any CPU
		{5FDF13DC-8774-4DAB-A388-1269F82293FC}.Debug|Any CPU.ActiveCfg = Debug|Any CPU
		{5FDF13DC-8774-4DAB-A388-1269F82293FC}.Debug|Any CPU.Build.0 = Debug|Any CPU
		{5FDF13DC-8774-4DAB-A388-1269F82293FC}.Release|Any CPU.ActiveCfg = Release|Any CPU
		{5FDF13DC-8774-4DAB-A388-1269F82293FC}.Release|Any CPU.Build.0 = Release|Any CPU
		{1CC8DB81-B691-4BA4-923E-A2BD4D4CF49E}.Debug|Any CPU.ActiveCfg = Debug|Any CPU
		{1CC8DB81-B691-4BA4-923E-A2BD4D4CF49E}.Debug|Any CPU.Build.0 = Debug|Any CPU
		{1CC8DB81-B691-4BA4-923E-A2BD4D4CF49E}.Release|Any CPU.ActiveCfg = Release|Any CPU
		{1CC8DB81-B691-4BA4-923E-A2BD4D4CF49E}.Release|Any CPU.Build.0 = Release|Any CPU
		{1F7B8125-87D7-4DDD-B689-D883E177D8E9}.Debug|Any CPU.ActiveCfg = Debug|Any CPU
		{1F7B8125-87D7-4DDD-B689-D883E177D8E9}.Debug|Any CPU.Build.0 = Debug|Any CPU
		{1F7B8125-87D7-4DDD-B689-D883E177D8E9}.Release|Any CPU.ActiveCfg = Release|Any CPU
		{1F7B8125-87D7-4DDD-B689-D883E177D8E9}.Release|Any CPU.Build.0 = Release|Any CPU
		{A7463D19-E196-4F7C-86A6-70129655EA8C}.Debug|Any CPU.ActiveCfg = Debug|Any CPU
		{A7463D19-E196-4F7C-86A6-70129655EA8C}.Debug|Any CPU.Build.0 = Debug|Any CPU
		{A7463D19-E196-4F7C-86A6-70129655EA8C}.Release|Any CPU.ActiveCfg = Release|Any CPU
		{A7463D19-E196-4F7C-86A6-70129655EA8C}.Release|Any CPU.Build.0 = Release|Any CPU
		{3EF64349-613D-43A5-940E-69E3F3F3FB56}.Debug|Any CPU.ActiveCfg = Debug|Any CPU
		{3EF64349-613D-43A5-940E-69E3F3F3FB56}.Debug|Any CPU.Build.0 = Debug|Any CPU
		{3EF64349-613D-43A5-940E-69E3F3F3FB56}.Release|Any CPU.ActiveCfg = Release|Any CPU
		{3EF64349-613D-43A5-940E-69E3F3F3FB56}.Release|Any CPU.Build.0 = Release|Any CPU
		{D3D0123C-058C-45FF-94CC-B2EA59BB6D4F}.Debug|Any CPU.ActiveCfg = Debug|Any CPU
		{D3D0123C-058C-45FF-94CC-B2EA59BB6D4F}.Debug|Any CPU.Build.0 = Debug|Any CPU
		{D3D0123C-058C-45FF-94CC-B2EA59BB6D4F}.Release|Any CPU.ActiveCfg = Release|Any CPU
		{D3D0123C-058C-45FF-94CC-B2EA59BB6D4F}.Release|Any CPU.Build.0 = Release|Any CPU
		{8F57EE95-6F1F-4035-8428-A3B9D3FE544D}.Debug|Any CPU.ActiveCfg = Debug|Any CPU
		{8F57EE95-6F1F-4035-8428-A3B9D3FE544D}.Debug|Any CPU.Build.0 = Debug|Any CPU
		{8F57EE95-6F1F-4035-8428-A3B9D3FE544D}.Release|Any CPU.ActiveCfg = Release|Any CPU
		{8F57EE95-6F1F-4035-8428-A3B9D3FE544D}.Release|Any CPU.Build.0 = Release|Any CPU
		{61A57DD0-4381-43DC-86F4-700FE0A8D979}.Debug|Any CPU.ActiveCfg = Debug|Any CPU
		{61A57DD0-4381-43DC-86F4-700FE0A8D979}.Debug|Any CPU.Build.0 = Debug|Any CPU
		{61A57DD0-4381-43DC-86F4-700FE0A8D979}.Release|Any CPU.ActiveCfg = Release|Any CPU
		{61A57DD0-4381-43DC-86F4-700FE0A8D979}.Release|Any CPU.Build.0 = Release|Any CPU
		{B4EA4C12-2CA5-4BA2-B2DF-18C8C1E35C07}.Debug|Any CPU.ActiveCfg = Debug|Any CPU
		{B4EA4C12-2CA5-4BA2-B2DF-18C8C1E35C07}.Debug|Any CPU.Build.0 = Debug|Any CPU
		{B4EA4C12-2CA5-4BA2-B2DF-18C8C1E35C07}.Release|Any CPU.ActiveCfg = Release|Any CPU
		{B4EA4C12-2CA5-4BA2-B2DF-18C8C1E35C07}.Release|Any CPU.Build.0 = Release|Any CPU
		{464E0802-4CF9-44D0-B02E-C8804209651A}.Debug|Any CPU.ActiveCfg = Debug|Any CPU
		{464E0802-4CF9-44D0-B02E-C8804209651A}.Debug|Any CPU.Build.0 = Debug|Any CPU
		{464E0802-4CF9-44D0-B02E-C8804209651A}.Release|Any CPU.ActiveCfg = Release|Any CPU
		{464E0802-4CF9-44D0-B02E-C8804209651A}.Release|Any CPU.Build.0 = Release|Any CPU
		{0126A249-FA3D-44BB-91DA-7578D6D7950F}.Debug|Any CPU.ActiveCfg = Debug|Any CPU
		{0126A249-FA3D-44BB-91DA-7578D6D7950F}.Debug|Any CPU.Build.0 = Debug|Any CPU
		{0126A249-FA3D-44BB-91DA-7578D6D7950F}.Release|Any CPU.ActiveCfg = Release|Any CPU
		{0126A249-FA3D-44BB-91DA-7578D6D7950F}.Release|Any CPU.Build.0 = Release|Any CPU
		{4DD17207-E297-41E9-B99C-0C6F05B224E9}.Debug|Any CPU.ActiveCfg = Debug|Any CPU
		{4DD17207-E297-41E9-B99C-0C6F05B224E9}.Debug|Any CPU.Build.0 = Debug|Any CPU
		{4DD17207-E297-41E9-B99C-0C6F05B224E9}.Release|Any CPU.ActiveCfg = Release|Any CPU
		{4DD17207-E297-41E9-B99C-0C6F05B224E9}.Release|Any CPU.Build.0 = Release|Any CPU
		{867F2362-4125-4AE6-A278-946CBADA58DD}.Debug|Any CPU.ActiveCfg = Debug|Any CPU
		{867F2362-4125-4AE6-A278-946CBADA58DD}.Debug|Any CPU.Build.0 = Debug|Any CPU
		{867F2362-4125-4AE6-A278-946CBADA58DD}.Release|Any CPU.ActiveCfg = Release|Any CPU
		{867F2362-4125-4AE6-A278-946CBADA58DD}.Release|Any CPU.Build.0 = Release|Any CPU
		{4D434129-FC07-4EDE-8D9D-EBD360C968CE}.Debug|Any CPU.ActiveCfg = Debug|Any CPU
		{4D434129-FC07-4EDE-8D9D-EBD360C968CE}.Debug|Any CPU.Build.0 = Debug|Any CPU
		{4D434129-FC07-4EDE-8D9D-EBD360C968CE}.Release|Any CPU.ActiveCfg = Release|Any CPU
		{4D434129-FC07-4EDE-8D9D-EBD360C968CE}.Release|Any CPU.Build.0 = Release|Any CPU
		{11A99BB3-E16F-4273-A05F-EB0834EB6273}.Debug|Any CPU.ActiveCfg = Debug|Any CPU
		{11A99BB3-E16F-4273-A05F-EB0834EB6273}.Debug|Any CPU.Build.0 = Debug|Any CPU
		{11A99BB3-E16F-4273-A05F-EB0834EB6273}.Release|Any CPU.ActiveCfg = Release|Any CPU
		{11A99BB3-E16F-4273-A05F-EB0834EB6273}.Release|Any CPU.Build.0 = Release|Any CPU
		{35A7C196-D962-4819-8961-44C755F6C1C6}.Debug|Any CPU.ActiveCfg = Debug|Any CPU
		{35A7C196-D962-4819-8961-44C755F6C1C6}.Debug|Any CPU.Build.0 = Debug|Any CPU
		{35A7C196-D962-4819-8961-44C755F6C1C6}.Release|Any CPU.ActiveCfg = Release|Any CPU
		{35A7C196-D962-4819-8961-44C755F6C1C6}.Release|Any CPU.Build.0 = Release|Any CPU
		{578AAC20-9191-4173-B664-B4BD636AA23A}.Debug|Any CPU.ActiveCfg = Debug|Any CPU
		{578AAC20-9191-4173-B664-B4BD636AA23A}.Debug|Any CPU.Build.0 = Debug|Any CPU
		{578AAC20-9191-4173-B664-B4BD636AA23A}.Release|Any CPU.ActiveCfg = Release|Any CPU
		{578AAC20-9191-4173-B664-B4BD636AA23A}.Release|Any CPU.Build.0 = Release|Any CPU
	EndGlobalSection
	GlobalSection(SolutionProperties) = preSolution
		HideSolutionNode = FALSE
	EndGlobalSection
	GlobalSection(ExtensibilityGlobals) = postSolution
		SolutionGuid = {792A3CA0-656F-4B08-A937-422559A917B1}
	EndGlobalSection
EndGlobal
